
Microsoft Visual Studio Solution File, Format Version 12.00
# Visual Studio Version 17
VisualStudioVersion = 17.7.34024.191
MinimumVisualStudioVersion = 10.0.40219.1
Project("{FAE04EC0-301F-11D3-BF4B-00C04F79EFBC}") = "GrpcService", "GrpcService\GrpcService.csproj", "{F481571B-BF3F-417D-8179-53532916A87A}"
EndProject
Project("{FAE04EC0-301F-11D3-BF4B-00C04F79EFBC}") = "GrpcClient", "GrpcClient\GrpcClient.csproj", "{0725581F-1F5A-4D22-A93A-3D09A51EB200}"
EndProject
Global
	GlobalSection(SolutionConfigurationPlatforms) = preSolution
		Debug|Any CPU = Debug|Any CPU
		Release|Any CPU = Release|Any CPU
	EndGlobalSection
	GlobalSection(ProjectConfigurationPlatforms) = postSolution
		{F481571B-BF3F-417D-8179-53532916A87A}.Debug|Any CPU.ActiveCfg = Debug|Any CPU
		{F481571B-BF3F-417D-8179-53532916A87A}.Debug|Any CPU.Build.0 = Debug|Any CPU
		{F481571B-BF3F-417D-8179-53532916A87A}.Release|Any CPU.ActiveCfg = Release|Any CPU
		{F481571B-BF3F-417D-8179-53532916A87A}.Release|Any CPU.Build.0 = Release|Any CPU
		{0725581F-1F5A-4D22-A93A-3D09A51EB200}.Debug|Any CPU.ActiveCfg = Debug|Any CPU
		{0725581F-1F5A-4D22-A93A-3D09A51EB200}.Debug|Any CPU.Build.0 = Debug|Any CPU
		{0725581F-1F5A-4D22-A93A-3D09A51EB200}.Release|Any CPU.ActiveCfg = Release|Any CPU
		{0725581F-1F5A-4D22-A93A-3D09A51EB200}.Release|Any CPU.Build.0 = Release|Any CPU
	EndGlobalSection
	GlobalSection(SolutionProperties) = preSolution
		HideSolutionNode = FALSE
	EndGlobalSection
	GlobalSection(ExtensibilityGlobals) = postSolution
		SolutionGuid = {702C3E8C-7CB6-4E50-BF35-AFFFEE1F78DA}
	EndGlobalSection
EndGlobal
